
Microsoft Visual Studio Solution File, Format Version 12.00
# Visual Studio Version 16
VisualStudioVersion = 16.0.30503.244
MinimumVisualStudioVersion = 10.0.40219.1
Project("{FAE04EC0-301F-11D3-BF4B-00C04F79EFBC}") = "Thórr File Unpacker", "Thorr File Unpacker\Thórr File Unpacker.csproj", "{797A84EF-776F-41AE-96B4-8E9962FA639B}"
EndProject
Global
	GlobalSection(SolutionConfigurationPlatforms) = preSolution
		Debug|Any CPU = Debug|Any CPU
		Release|Any CPU = Release|Any CPU
	EndGlobalSection
	GlobalSection(ProjectConfigurationPlatforms) = postSolution
		{797A84EF-776F-41AE-96B4-8E9962FA639B}.Debug|Any CPU.ActiveCfg = Debug|Any CPU
		{797A84EF-776F-41AE-96B4-8E9962FA639B}.Debug|Any CPU.Build.0 = Debug|Any CPU
		{797A84EF-776F-41AE-96B4-8E9962FA639B}.Release|Any CPU.ActiveCfg = Release|Any CPU
		{797A84EF-776F-41AE-96B4-8E9962FA639B}.Release|Any CPU.Build.0 = Release|Any CPU
	EndGlobalSection
	GlobalSection(SolutionProperties) = preSolution
		HideSolutionNode = FALSE
	EndGlobalSection
	GlobalSection(ExtensibilityGlobals) = postSolution
		SolutionGuid = {17DC2E79-A485-4CB9-8E7B-C2B74CA04183}
	EndGlobalSection
EndGlobal
